// !$*UTF8*$!
{
	archiveVersion = 1;
	classes = {
	};
	objectVersion = 50;
	objects = {

/* Begin PBXBuildFile section */
		F5E10BFD23302C2A00AED3B7 /* AppDelegate.swift in Sources */ = {isa = PBXBuildFile; fileRef = F5E10BFC23302C2A00AED3B7 /* AppDelegate.swift */; };
		F5E10C0223302C2A00AED3B7 /* Main.storyboard in Resources */ = {isa = PBXBuildFile; fileRef = F5E10C0023302C2A00AED3B7 /* Main.storyboard */; };
		F5E10C0523302C2A00AED3B7 /* Entry.xcdatamodeld in Sources */ = {isa = PBXBuildFile; fileRef = F5E10C0323302C2A00AED3B7 /* Entry.xcdatamodeld */; };
		F5E10C0723302C2C00AED3B7 /* Assets.xcassets in Resources */ = {isa = PBXBuildFile; fileRef = F5E10C0623302C2C00AED3B7 /* Assets.xcassets */; };
		F5E10C0A23302C2C00AED3B7 /* LaunchScreen.storyboard in Resources */ = {isa = PBXBuildFile; fileRef = F5E10C0823302C2C00AED3B7 /* LaunchScreen.storyboard */; };
		F5E10C1223302E0800AED3B7 /* EntryTableViewCell.swift in Sources */ = {isa = PBXBuildFile; fileRef = F5E10C1123302E0800AED3B7 /* EntryTableViewCell.swift */; };
		F5E10C17233030DC00AED3B7 /* EntryDetailViewController.swift in Sources */ = {isa = PBXBuildFile; fileRef = F5E10C16233030DC00AED3B7 /* EntryDetailViewController.swift */; };
		F5E10C1A2330317A00AED3B7 /* CoreDataStack.swift in Sources */ = {isa = PBXBuildFile; fileRef = F5E10C192330317A00AED3B7 /* CoreDataStack.swift */; };
		F5E10C1C2330320300AED3B7 /* Entry+Conveniece.swift in Sources */ = {isa = PBXBuildFile; fileRef = F5E10C1B2330320300AED3B7 /* Entry+Conveniece.swift */; };
		F5E10C1F2330339E00AED3B7 /* EntryController.swift in Sources */ = {isa = PBXBuildFile; fileRef = F5E10C1E2330339E00AED3B7 /* EntryController.swift */; };
		F5E10C2123303FA200AED3B7 /* EntryTableViewController.swift in Sources */ = {isa = PBXBuildFile; fileRef = F5E10C2023303FA200AED3B7 /* EntryTableViewController.swift */; };
/* End PBXBuildFile section */

/* Begin PBXFileReference section */
		F5E10BF923302C2A00AED3B7 /* Journal.app */ = {isa = PBXFileReference; explicitFileType = wrapper.application; includeInIndex = 0; path = Journal.app; sourceTree = BUILT_PRODUCTS_DIR; };
		F5E10BFC23302C2A00AED3B7 /* AppDelegate.swift */ = {isa = PBXFileReference; lastKnownFileType = sourcecode.swift; path = AppDelegate.swift; sourceTree = "<group>"; };
		F5E10C0123302C2A00AED3B7 /* Base */ = {isa = PBXFileReference; lastKnownFileType = file.storyboard; name = Base; path = Base.lproj/Main.storyboard; sourceTree = "<group>"; };
		F5E10C0423302C2A00AED3B7 /* Journal.xcdatamodel */ = {isa = PBXFileReference; lastKnownFileType = wrapper.xcdatamodel; path = Journal.xcdatamodel; sourceTree = "<group>"; };
		F5E10C0623302C2C00AED3B7 /* Assets.xcassets */ = {isa = PBXFileReference; lastKnownFileType = folder.assetcatalog; path = Assets.xcassets; sourceTree = "<group>"; };
		F5E10C0923302C2C00AED3B7 /* Base */ = {isa = PBXFileReference; lastKnownFileType = file.storyboard; name = Base; path = Base.lproj/LaunchScreen.storyboard; sourceTree = "<group>"; };
		F5E10C0B23302C2C00AED3B7 /* Info.plist */ = {isa = PBXFileReference; lastKnownFileType = text.plist.xml; path = Info.plist; sourceTree = "<group>"; };
		F5E10C1123302E0800AED3B7 /* EntryTableViewCell.swift */ = {isa = PBXFileReference; lastKnownFileType = sourcecode.swift; path = EntryTableViewCell.swift; sourceTree = "<group>"; };
		F5E10C16233030DC00AED3B7 /* EntryDetailViewController.swift */ = {isa = PBXFileReference; lastKnownFileType = sourcecode.swift; path = EntryDetailViewController.swift; sourceTree = "<group>"; };
		F5E10C192330317A00AED3B7 /* CoreDataStack.swift */ = {isa = PBXFileReference; lastKnownFileType = sourcecode.swift; path = CoreDataStack.swift; sourceTree = "<group>"; };
		F5E10C1B2330320300AED3B7 /* Entry+Conveniece.swift */ = {isa = PBXFileReference; lastKnownFileType = sourcecode.swift; path = "Entry+Conveniece.swift"; sourceTree = "<group>"; };
		F5E10C1E2330339E00AED3B7 /* EntryController.swift */ = {isa = PBXFileReference; lastKnownFileType = sourcecode.swift; path = EntryController.swift; sourceTree = "<group>"; };
		F5E10C2023303FA200AED3B7 /* EntryTableViewController.swift */ = {isa = PBXFileReference; lastKnownFileType = sourcecode.swift; path = EntryTableViewController.swift; sourceTree = "<group>"; };
/* End PBXFileReference section */

/* Begin PBXFrameworksBuildPhase section */
		F5E10BF623302C2A00AED3B7 /* Frameworks */ = {
			isa = PBXFrameworksBuildPhase;
			buildActionMask = 2147483647;
			files = (
			);
			runOnlyForDeploymentPostprocessing = 0;
		};
/* End PBXFrameworksBuildPhase section */

/* Begin PBXGroup section */
		F5E10BF023302C2A00AED3B7 = {
			isa = PBXGroup;
			children = (
				F5E10BFB23302C2A00AED3B7 /* Journal */,
				F5E10BFA23302C2A00AED3B7 /* Products */,
			);
			sourceTree = "<group>";
		};
		F5E10BFA23302C2A00AED3B7 /* Products */ = {
			isa = PBXGroup;
			children = (
				F5E10BF923302C2A00AED3B7 /* Journal.app */,
			);
			name = Products;
			sourceTree = "<group>";
		};
		F5E10BFB23302C2A00AED3B7 /* Journal */ = {
			isa = PBXGroup;
			children = (
				F5E10BFC23302C2A00AED3B7 /* AppDelegate.swift */,
				F5E10C1D2330336E00AED3B7 /* Model Controller */,
				F5E10C182330316600AED3B7 /* Model */,
				F5E10C15233030BC00AED3B7 /* View Controllers */,
				F5E10C1423302E4800AED3B7 /* View Cell */,
				F5E10C1323302E3300AED3B7 /* Resources */,
				F5E10C0023302C2A00AED3B7 /* Main.storyboard */,
				F5E10C0623302C2C00AED3B7 /* Assets.xcassets */,
				F5E10C0823302C2C00AED3B7 /* LaunchScreen.storyboard */,
				F5E10C0B23302C2C00AED3B7 /* Info.plist */,
			);
			path = Journal;
			sourceTree = "<group>";
		};
		F5E10C1323302E3300AED3B7 /* Resources */ = {
			isa = PBXGroup;
			children = (
			);
			path = Resources;
			sourceTree = "<group>";
		};
		F5E10C1423302E4800AED3B7 /* View Cell */ = {
			isa = PBXGroup;
			children = (
				F5E10C1123302E0800AED3B7 /* EntryTableViewCell.swift */,
			);
			path = "View Cell";
			sourceTree = "<group>";
		};
		F5E10C15233030BC00AED3B7 /* View Controllers */ = {
			isa = PBXGroup;
			children = (
				F5E10C16233030DC00AED3B7 /* EntryDetailViewController.swift */,
				F5E10C2023303FA200AED3B7 /* EntryTableViewController.swift */,
			);
			path = "View Controllers";
			sourceTree = "<group>";
		};
		F5E10C182330316600AED3B7 /* Model */ = {
			isa = PBXGroup;
			children = (
				F5E10C192330317A00AED3B7 /* CoreDataStack.swift */,
				F5E10C0323302C2A00AED3B7 /* Entry.xcdatamodeld */,
				F5E10C1B2330320300AED3B7 /* Entry+Conveniece.swift */,
			);
			path = Model;
			sourceTree = "<group>";
		};
		F5E10C1D2330336E00AED3B7 /* Model Controller */ = {
			isa = PBXGroup;
			children = (
				F5E10C1E2330339E00AED3B7 /* EntryController.swift */,
			);
			path = "Model Controller";
			sourceTree = "<group>";
		};
/* End PBXGroup section */

/* Begin PBXNativeTarget section */
		F5E10BF823302C2A00AED3B7 /* Journal */ = {
			isa = PBXNativeTarget;
			buildConfigurationList = F5E10C0E23302C2C00AED3B7 /* Build configuration list for PBXNativeTarget "Journal" */;
			buildPhases = (
				F5E10BF523302C2A00AED3B7 /* Sources */,
				F5E10BF623302C2A00AED3B7 /* Frameworks */,
				F5E10BF723302C2A00AED3B7 /* Resources */,
			);
			buildRules = (
			);
			dependencies = (
			);
			name = Journal;
			productName = Journal;
			productReference = F5E10BF923302C2A00AED3B7 /* Journal.app */;
			productType = "com.apple.product-type.application";
		};
/* End PBXNativeTarget section */

/* Begin PBXProject section */
		F5E10BF123302C2A00AED3B7 /* Project object */ = {
			isa = PBXProject;
			attributes = {
				LastSwiftUpdateCheck = 1030;
				LastUpgradeCheck = 1030;
				ORGANIZATIONNAME = "Taylor Lyles";
				TargetAttributes = {
					F5E10BF823302C2A00AED3B7 = {
						CreatedOnToolsVersion = 10.3;
					};
				};
			};
			buildConfigurationList = F5E10BF423302C2A00AED3B7 /* Build configuration list for PBXProject "Journal" */;
			compatibilityVersion = "Xcode 9.3";
			developmentRegion = en;
			hasScannedForEncodings = 0;
			knownRegions = (
				en,
				Base,
			);
			mainGroup = F5E10BF023302C2A00AED3B7;
			productRefGroup = F5E10BFA23302C2A00AED3B7 /* Products */;
			projectDirPath = "";
			projectRoot = "";
			targets = (
				F5E10BF823302C2A00AED3B7 /* Journal */,
			);
		};
/* End PBXProject section */

/* Begin PBXResourcesBuildPhase section */
		F5E10BF723302C2A00AED3B7 /* Resources */ = {
			isa = PBXResourcesBuildPhase;
			buildActionMask = 2147483647;
			files = (
				F5E10C0A23302C2C00AED3B7 /* LaunchScreen.storyboard in Resources */,
				F5E10C0723302C2C00AED3B7 /* Assets.xcassets in Resources */,
				F5E10C0223302C2A00AED3B7 /* Main.storyboard in Resources */,
			);
			runOnlyForDeploymentPostprocessing = 0;
		};
/* End PBXResourcesBuildPhase section */

/* Begin PBXSourcesBuildPhase section */
		F5E10BF523302C2A00AED3B7 /* Sources */ = {
			isa = PBXSourcesBuildPhase;
			buildActionMask = 2147483647;
			files = (
				F5E10C1A2330317A00AED3B7 /* CoreDataStack.swift in Sources */,
				F5E10C1223302E0800AED3B7 /* EntryTableViewCell.swift in Sources */,
				F5E10C2123303FA200AED3B7 /* EntryTableViewController.swift in Sources */,
				F5E10C1F2330339E00AED3B7 /* EntryController.swift in Sources */,
				F5E10C0523302C2A00AED3B7 /* Entry.xcdatamodeld in Sources */,
				F5E10C17233030DC00AED3B7 /* EntryDetailViewController.swift in Sources */,
				F5E10BFD23302C2A00AED3B7 /* AppDelegate.swift in Sources */,
				F5E10C1C2330320300AED3B7 /* Entry+Conveniece.swift in Sources */,
			);
			runOnlyForDeploymentPostprocessing = 0;
		};
/* End PBXSourcesBuildPhase section */

/* Begin PBXVariantGroup section */
		F5E10C0023302C2A00AED3B7 /* Main.storyboard */ = {
			isa = PBXVariantGroup;
			children = (
				F5E10C0123302C2A00AED3B7 /* Base */,
			);
			name = Main.storyboard;
			sourceTree = "<group>";
		};
		F5E10C0823302C2C00AED3B7 /* LaunchScreen.storyboard */ = {
			isa = PBXVariantGroup;
			children = (
				F5E10C0923302C2C00AED3B7 /* Base */,
			);
			name = LaunchScreen.storyboard;
			sourceTree = "<group>";
		};
/* End PBXVariantGroup section */

/* Begin XCBuildConfiguration section */
		F5E10C0C23302C2C00AED3B7 /* Debug */ = {
			isa = XCBuildConfiguration;
			buildSettings = {
				ALWAYS_SEARCH_USER_PATHS = NO;
				CLANG_ANALYZER_NONNULL = YES;
				CLANG_ANALYZER_NUMBER_OBJECT_CONVERSION = YES_AGGRESSIVE;
				CLANG_CXX_LANGUAGE_STANDARD = "gnu++14";
				CLANG_CXX_LIBRARY = "libc++";
				CLANG_ENABLE_MODULES = YES;
				CLANG_ENABLE_OBJC_ARC = YES;
				CLANG_ENABLE_OBJC_WEAK = YES;
				CLANG_WARN_BLOCK_CAPTURE_AUTORELEASING = YES;
				CLANG_WARN_BOOL_CONVERSION = YES;
				CLANG_WARN_COMMA = YES;
				CLANG_WARN_CONSTANT_CONVERSION = YES;
				CLANG_WARN_DEPRECATED_OBJC_IMPLEMENTATIONS = YES;
				CLANG_WARN_DIRECT_OBJC_ISA_USAGE = YES_ERROR;
				CLANG_WARN_DOCUMENTATION_COMMENTS = YES;
				CLANG_WARN_EMPTY_BODY = YES;
				CLANG_WARN_ENUM_CONVERSION = YES;
				CLANG_WARN_INFINITE_RECURSION = YES;
				CLANG_WARN_INT_CONVERSION = YES;
				CLANG_WARN_NON_LITERAL_NULL_CONVERSION = YES;
				CLANG_WARN_OBJC_IMPLICIT_RETAIN_SELF = YES;
				CLANG_WARN_OBJC_LITERAL_CONVERSION = YES;
				CLANG_WARN_OBJC_ROOT_CLASS = YES_ERROR;
				CLANG_WARN_RANGE_LOOP_ANALYSIS = YES;
				CLANG_WARN_STRICT_PROTOTYPES = YES;
				CLANG_WARN_SUSPICIOUS_MOVE = YES;
				CLANG_WARN_UNGUARDED_AVAILABILITY = YES_AGGRESSIVE;
				CLANG_WARN_UNREACHABLE_CODE = YES;
				CLANG_WARN__DUPLICATE_METHOD_MATCH = YES;
				CODE_SIGN_IDENTITY = "iPhone Developer";
				COPY_PHASE_STRIP = NO;
				DEBUG_INFORMATION_FORMAT = dwarf;
				ENABLE_STRICT_OBJC_MSGSEND = YES;
				ENABLE_TESTABILITY = YES;
				GCC_C_LANGUAGE_STANDARD = gnu11;
				GCC_DYNAMIC_NO_PIC = NO;
				GCC_NO_COMMON_BLOCKS = YES;
				GCC_OPTIMIZATION_LEVEL = 0;
				GCC_PREPROCESSOR_DEFINITIONS = (
					"DEBUG=1",
					"$(inherited)",
				);
				GCC_WARN_64_TO_32_BIT_CONVERSION = YES;
				GCC_WARN_ABOUT_RETURN_TYPE = YES_ERROR;
				GCC_WARN_UNDECLARED_SELECTOR = YES;
				GCC_WARN_UNINITIALIZED_AUTOS = YES_AGGRESSIVE;
				GCC_WARN_UNUSED_FUNCTION = YES;
				GCC_WARN_UNUSED_VARIABLE = YES;
				IPHONEOS_DEPLOYMENT_TARGET = 12.4;
				MTL_ENABLE_DEBUG_INFO = INCLUDE_SOURCE;
				MTL_FAST_MATH = YES;
				ONLY_ACTIVE_ARCH = YES;
				SDKROOT = iphoneos;
				SWIFT_ACTIVE_COMPILATION_CONDITIONS = DEBUG;
				SWIFT_OPTIMIZATION_LEVEL = "-Onone";
			};
			name = Debug;
		};
		F5E10C0D23302C2C00AED3B7 /* Release */ = {
			isa = XCBuildConfiguration;
			buildSettings = {
				ALWAYS_SEARCH_USER_PATHS = NO;
				CLANG_ANALYZER_NONNULL = YES;
				CLANG_ANALYZER_NUMBER_OBJECT_CONVERSION = YES_AGGRESSIVE;
				CLANG_CXX_LANGUAGE_STANDARD = "gnu++14";
				CLANG_CXX_LIBRARY = "libc++";
				CLANG_ENABLE_MODULES = YES;
				CLANG_ENABLE_OBJC_ARC = YES;
				CLANG_ENABLE_OBJC_WEAK = YES;
				CLANG_WARN_BLOCK_CAPTURE_AUTORELEASING = YES;
				CLANG_WARN_BOOL_CONVERSION = YES;
				CLANG_WARN_COMMA = YES;
				CLANG_WARN_CONSTANT_CONVERSION = YES;
				CLANG_WARN_DEPRECATED_OBJC_IMPLEMENTATIONS = YES;
				CLANG_WARN_DIRECT_OBJC_ISA_USAGE = YES_ERROR;
				CLANG_WARN_DOCUMENTATION_COMMENTS = YES;
				CLANG_WARN_EMPTY_BODY = YES;
				CLANG_WARN_ENUM_CONVERSION = YES;
				CLANG_WARN_INFINITE_RECURSION = YES;
				CLANG_WARN_INT_CONVERSION = YES;
				CLANG_WARN_NON_LITERAL_NULL_CONVERSION = YES;
				CLANG_WARN_OBJC_IMPLICIT_RETAIN_SELF = YES;
				CLANG_WARN_OBJC_LITERAL_CONVERSION = YES;
				CLANG_WARN_OBJC_ROOT_CLASS = YES_ERROR;
				CLANG_WARN_RANGE_LOOP_ANALYSIS = YES;
				CLANG_WARN_STRICT_PROTOTYPES = YES;
				CLANG_WARN_SUSPICIOUS_MOVE = YES;
				CLANG_WARN_UNGUARDED_AVAILABILITY = YES_AGGRESSIVE;
				CLANG_WARN_UNREACHABLE_CODE = YES;
				CLANG_WARN__DUPLICATE_METHOD_MATCH = YES;
				CODE_SIGN_IDENTITY = "iPhone Developer";
				COPY_PHASE_STRIP = NO;
				DEBUG_INFORMATION_FORMAT = "dwarf-with-dsym";
				ENABLE_NS_ASSERTIONS = NO;
				ENABLE_STRICT_OBJC_MSGSEND = YES;
				GCC_C_LANGUAGE_STANDARD = gnu11;
				GCC_NO_COMMON_BLOCKS = YES;
				GCC_WARN_64_TO_32_BIT_CONVERSION = YES;
				GCC_WARN_ABOUT_RETURN_TYPE = YES_ERROR;
				GCC_WARN_UNDECLARED_SELECTOR = YES;
				GCC_WARN_UNINITIALIZED_AUTOS = YES_AGGRESSIVE;
				GCC_WARN_UNUSED_FUNCTION = YES;
				GCC_WARN_UNUSED_VARIABLE = YES;
				IPHONEOS_DEPLOYMENT_TARGET = 12.4;
				MTL_ENABLE_DEBUG_INFO = NO;
				MTL_FAST_MATH = YES;
				SDKROOT = iphoneos;
				SWIFT_COMPILATION_MODE = wholemodule;
				SWIFT_OPTIMIZATION_LEVEL = "-O";
				VALIDATE_PRODUCT = YES;
			};
			name = Release;
		};
		F5E10C0F23302C2C00AED3B7 /* Debug */ = {
			isa = XCBuildConfiguration;
			buildSettings = {
				ASSETCATALOG_COMPILER_APPICON_NAME = AppIcon;
				CODE_SIGN_STYLE = Automatic;
				DEVELOPMENT_TEAM = FP8VA6LL76;
				INFOPLIST_FILE = Journal/Info.plist;
				LD_RUNPATH_SEARCH_PATHS = (
					"$(inherited)",
					"@executable_path/Frameworks",
				);
				PRODUCT_BUNDLE_IDENTIFIER = com.taylorlyles.Journal;
				PRODUCT_NAME = "$(TARGET_NAME)";
				SWIFT_VERSION = 5.0;
				TARGETED_DEVICE_FAMILY = "1,2";
			};
			name = Debug;
		};
		F5E10C1023302C2C00AED3B7 /* Release */ = {
			isa = XCBuildConfiguration;
			buildSettings = {
				ASSETCATALOG_COMPILER_APPICON_NAME = AppIcon;
				CODE_SIGN_STYLE = Automatic;
				DEVELOPMENT_TEAM = FP8VA6LL76;
				INFOPLIST_FILE = Journal/Info.plist;
				LD_RUNPATH_SEARCH_PATHS = (
					"$(inherited)",
					"@executable_path/Frameworks",
				);
				PRODUCT_BUNDLE_IDENTIFIER = com.taylorlyles.Journal;
				PRODUCT_NAME = "$(TARGET_NAME)";
				SWIFT_VERSION = 5.0;
				TARGETED_DEVICE_FAMILY = "1,2";
			};
			name = Release;
		};
/* End XCBuildConfiguration section */

/* Begin XCConfigurationList section */
		F5E10BF423302C2A00AED3B7 /* Build configuration list for PBXProject "Journal" */ = {
			isa = XCConfigurationList;
			buildConfigurations = (
				F5E10C0C23302C2C00AED3B7 /* Debug */,
				F5E10C0D23302C2C00AED3B7 /* Release */,
			);
			defaultConfigurationIsVisible = 0;
			defaultConfigurationName = Release;
		};
		F5E10C0E23302C2C00AED3B7 /* Build configuration list for PBXNativeTarget "Journal" */ = {
			isa = XCConfigurationList;
			buildConfigurations = (
				F5E10C0F23302C2C00AED3B7 /* Debug */,
				F5E10C1023302C2C00AED3B7 /* Release */,
			);
			defaultConfigurationIsVisible = 0;
			defaultConfigurationName = Release;
		};
/* End XCConfigurationList section */

/* Begin XCVersionGroup section */
		F5E10C0323302C2A00AED3B7 /* Entry.xcdatamodeld */ = {
			isa = XCVersionGroup;
			children = (
				F5E10C0423302C2A00AED3B7 /* Journal.xcdatamodel */,
			);
			currentVersion = F5E10C0423302C2A00AED3B7 /* Journal.xcdatamodel */;
			path = Entry.xcdatamodeld;
			sourceTree = "<group>";
			versionGroupType = wrapper.xcdatamodel;
		};
/* End XCVersionGroup section */
	};
	rootObject = F5E10BF123302C2A00AED3B7 /* Project object */;
}
